# THIS IS AN AUTOGENERATED FILE. DO NOT EDIT THIS FILE DIRECTLY.
# yarn lockfile v1


gitbook-plugin-github@^2.0.0:
  version "2.0.0"
  resolved "https://registry.yarnpkg.com/gitbook-plugin-github/-/gitbook-plugin-github-2.0.0.tgz#5166e763cfcc402d432880b7a6c85c1c54b56a8d"

invariant@^2.2.4:
  version "2.2.4"
  resolved "https://registry.yarnpkg.com/invariant/-/invariant-2.2.4.tgz#610f3c92c9359ce1db616e538008d23ff35158e6"
  dependencies:
    loose-envify "^1.0.0"

"js-tokens@^3.0.0 || ^4.0.0":
  version "4.0.0"
  resolved "https://registry.yarnpkg.com/js-tokens/-/js-tokens-4.0.0.tgz#19203fb59991df98e3a287050d4647cdeaf32499"

just-curry-it@^3.1.0:
  version "3.1.0"
  resolved "https://registry.yarnpkg.com/just-curry-it/-/just-curry-it-3.1.0.tgz#ab59daed308a58b847ada166edd0a2d40766fbc5"

lodash-es@^4.2.1:
  version "4.17.11"
  resolved "https://registry.yarnpkg.com/lodash-es/-/lodash-es-4.17.11.tgz#145ab4a7ac5c5e52a3531fb4f310255a152b4be0"

lodash@^4.2.1:
  version "4.17.11"
  resolved "https://registry.yarnpkg.com/lodash/-/lodash-4.17.11.tgz#b39ea6229ef607ecd89e2c8df12536891cac9b8d"

loose-envify@^1.0.0, loose-envify@^1.1.0, loose-envify@^1.4.0:
  version "1.4.0"
  resolved "https://registry.yarnpkg.com/loose-envify/-/loose-envify-1.4.0.tgz#71ee51fa7be4caec1a63839f7e682d8132d30caf"
  dependencies:
    js-tokens "^3.0.0 || ^4.0.0"

ramda@^0.25.0:
  version "0.25.0"
  resolved "https://registry.yarnpkg.com/ramda/-/ramda-0.25.0.tgz#8fdf68231cffa90bc2f9460390a0cb74a29b29a9"

react-router-redux@^4.0.8:
  version "4.0.8"
  resolved "https://registry.yarnpkg.com/react-router-redux/-/react-router-redux-4.0.8.tgz#227403596b5151e182377dab835b5d45f0f8054e"

reduce-reducers@^0.4.3:
  version "0.4.3"
  resolved "https://registry.yarnpkg.com/reduce-reducers/-/reduce-reducers-0.4.3.tgz#8e052618801cd8fc2714b4915adaa8937eb6d66c"

redux-actions@^2.2.1:
  version "2.6.4"
  resolved "https://registry.yarnpkg.com/redux-actions/-/redux-actions-2.6.4.tgz#e1d9d7d987d274071b0134b707365d3e25ba3b26"
  dependencies:
    invariant "^2.2.4"
    just-curry-it "^3.1.0"
    loose-envify "^1.4.0"
    reduce-reducers "^0.4.3"
    to-camel-case "^1.0.0"

redux-devtools-extension@^2.13.2:
  version "2.13.8"
  resolved "https://registry.yarnpkg.com/redux-devtools-extension/-/redux-devtools-extension-2.13.8.tgz#37b982688626e5e4993ff87220c9bbb7cd2d96e1"

redux-observable@^0.18.0:
  version "0.18.0"
  resolved "https://registry.yarnpkg.com/redux-observable/-/redux-observable-0.18.0.tgz#48de1f35554b7ba23a88b18379ca1c93f5124197"
  dependencies:
    gitbook-plugin-github "^2.0.0"

redux@^3.7.2:
  version "3.7.2"
  resolved "https://registry.yarnpkg.com/redux/-/redux-3.7.2.tgz#06b73123215901d25d065be342eb026bc1c8537b"
  dependencies:
    lodash "^4.2.1"
    lodash-es "^4.2.1"
    loose-envify "^1.1.0"
    symbol-observable "^1.0.3"

rxjs@^5.5.6:
  version "5.5.12"
  resolved "https://registry.yarnpkg.com/rxjs/-/rxjs-5.5.12.tgz#6fa61b8a77c3d793dbaf270bee2f43f652d741cc"
  dependencies:
    symbol-observable "1.0.1"

symbol-observable@1.0.1:
  version "1.0.1"
  resolved "https://registry.yarnpkg.com/symbol-observable/-/symbol-observable-1.0.1.tgz#8340fc4702c3122df5d22288f88283f513d3fdd4"

symbol-observable@^1.0.3:
  version "1.2.0"
  resolved "https://registry.yarnpkg.com/symbol-observable/-/symbol-observable-1.2.0.tgz#c22688aed4eab3cdc2dfeacbb561660560a00804"

to-camel-case@^1.0.0:
  version "1.0.0"
  resolved "https://registry.yarnpkg.com/to-camel-case/-/to-camel-case-1.0.0.tgz#1a56054b2f9d696298ce66a60897322b6f423e46"
  dependencies:
    to-space-case "^1.0.0"

to-no-case@^1.0.0:
  version "1.0.2"
  resolved "https://registry.yarnpkg.com/to-no-case/-/to-no-case-1.0.2.tgz#c722907164ef6b178132c8e69930212d1b4aa16a"

to-space-case@^1.0.0:
  version "1.0.0"
  resolved "https://registry.yarnpkg.com/to-space-case/-/to-space-case-1.0.0.tgz#b052daafb1b2b29dc770cea0163e5ec0ebc9fc17"
  dependencies:
    to-no-case "^1.0.0"
