# THIS IS AN AUTOGENERATED FILE. DO NOT EDIT THIS FILE DIRECTLY.
# yarn lockfile v1


add-px@^1.0.0:
  version "1.0.0"
  resolved "https://registry.yarnpkg.com/add-px/-/add-px-1.0.0.tgz#89fbf247c59e5cf72b9bddcff919f96d805aff7e"

contrast@^1.0.1:
  version "1.0.1"
  resolved "https://registry.yarnpkg.com/contrast/-/contrast-1.0.1.tgz#839c66d8852269d33f4eb0a1b92d994bdd16385e"
  dependencies:
    hex-to-rgb "^1.0.0"

hex-to-rgb@^1.0.0:
  version "1.0.1"
  resolved "https://registry.yarnpkg.com/hex-to-rgb/-/hex-to-rgb-1.0.1.tgz#100b9df126b32f2762adf8486be68c65ef8ed2a4"

initials@^2.1.5:
  version "2.1.5"
  resolved "https://registry.yarnpkg.com/initials/-/initials-2.1.5.tgz#36cc96c9986d80e12e3d34dacd9faafbd8357462"

react-user-avatar@^1.10.0:
  version "1.10.0"
  resolved "https://registry.yarnpkg.com/react-user-avatar/-/react-user-avatar-1.10.0.tgz#79a384956b6ea332793b3e1f2651659356dd6cc8"
  dependencies:
    add-px "^1.0.0"
    contrast "^1.0.1"
    initials "^2.1.5"
